
Microsoft Visual Studio Solution File, Format Version 12.00
# Visual Studio Version 16
VisualStudioVersion = 16.0.30804.86
MinimumVisualStudioVersion = 10.0.40219.1
Project("{FAE04EC0-301F-11D3-BF4B-00C04F79EFBC}") = "Clerk", "Clerk\Clerk.csproj", "{CF37DC49-AE28-4C70-97D8-7F23106F6313}"
EndProject
Project("{FAE04EC0-301F-11D3-BF4B-00C04F79EFBC}") = "ClerkTester", "ClerkTester\ClerkTester.csproj", "{579B36CE-403A-46A9-96B7-5E08B2851151}"
EndProject
Global
	GlobalSection(SolutionConfigurationPlatforms) = preSolution
		Debug|Any CPU = Debug|Any CPU
		Release|Any CPU = Release|Any CPU
	EndGlobalSection
	GlobalSection(ProjectConfigurationPlatforms) = postSolution
		{CF37DC49-AE28-4C70-97D8-7F23106F6313}.Debug|Any CPU.ActiveCfg = Debug|Any CPU
		{CF37DC49-AE28-4C70-97D8-7F23106F6313}.Debug|Any CPU.Build.0 = Debug|Any CPU
		{CF37DC49-AE28-4C70-97D8-7F23106F6313}.Release|Any CPU.ActiveCfg = Release|Any CPU
		{CF37DC49-AE28-4C70-97D8-7F23106F6313}.Release|Any CPU.Build.0 = Release|Any CPU
		{579B36CE-403A-46A9-96B7-5E08B2851151}.Debug|Any CPU.ActiveCfg = Debug|Any CPU
		{579B36CE-403A-46A9-96B7-5E08B2851151}.Debug|Any CPU.Build.0 = Debug|Any CPU
		{579B36CE-403A-46A9-96B7-5E08B2851151}.Release|Any CPU.ActiveCfg = Release|Any CPU
		{579B36CE-403A-46A9-96B7-5E08B2851151}.Release|Any CPU.Build.0 = Release|Any CPU
	EndGlobalSection
	GlobalSection(SolutionProperties) = preSolution
		HideSolutionNode = FALSE
	EndGlobalSection
	GlobalSection(ExtensibilityGlobals) = postSolution
		SolutionGuid = {31A7F615-98C8-47D1-88DA-5DEDF880166E}
	EndGlobalSection
EndGlobal
